
Microsoft Visual Studio Solution File, Format Version 12.00
# Visual Studio 15
VisualStudioVersion = 15.0.26124.0
MinimumVisualStudioVersion = 15.0.26124.0
Project("{2150E333-8FDC-42A3-9474-1A3956D46DE8}") = "src", "src", "{078D9ADC-FC19-4313-8439-73B74B9FD02B}"
EndProject
Project("{FAE04EC0-301F-11D3-BF4B-00C04F79EFBC}") = "Web", "src\Web\Web.csproj", "{37273590-A061-45C4-B5DD-A2EC48B18FBD}"
EndProject
Project("{2150E333-8FDC-42A3-9474-1A3956D46DE8}") = "tests", "tests", "{D06F618F-BB2A-4C19-BC08-76BF9CB9D8E9}"
EndProject
Project("{FAE04EC0-301F-11D3-BF4B-00C04F79EFBC}") = "Web.Test", "tests\Web.Test\Web.Test.csproj", "{07264610-E050-4F36-872A-8225759361D5}"
EndProject
Global
	GlobalSection(SolutionConfigurationPlatforms) = preSolution
		Debug|Any CPU = Debug|Any CPU
		Debug|x64 = Debug|x64
		Debug|x86 = Debug|x86
		Release|Any CPU = Release|Any CPU
		Release|x64 = Release|x64
		Release|x86 = Release|x86
	EndGlobalSection
	GlobalSection(SolutionProperties) = preSolution
		HideSolutionNode = FALSE
	EndGlobalSection
	GlobalSection(ProjectConfigurationPlatforms) = postSolution
		{37273590-A061-45C4-B5DD-A2EC48B18FBD}.Debug|Any CPU.ActiveCfg = Debug|Any CPU
		{37273590-A061-45C4-B5DD-A2EC48B18FBD}.Debug|Any CPU.Build.0 = Debug|Any CPU
		{37273590-A061-45C4-B5DD-A2EC48B18FBD}.Debug|x64.ActiveCfg = Debug|Any CPU
		{37273590-A061-45C4-B5DD-A2EC48B18FBD}.Debug|x64.Build.0 = Debug|Any CPU
		{37273590-A061-45C4-B5DD-A2EC48B18FBD}.Debug|x86.ActiveCfg = Debug|Any CPU
		{37273590-A061-45C4-B5DD-A2EC48B18FBD}.Debug|x86.Build.0 = Debug|Any CPU
		{37273590-A061-45C4-B5DD-A2EC48B18FBD}.Release|Any CPU.ActiveCfg = Release|Any CPU
		{37273590-A061-45C4-B5DD-A2EC48B18FBD}.Release|Any CPU.Build.0 = Release|Any CPU
		{37273590-A061-45C4-B5DD-A2EC48B18FBD}.Release|x64.ActiveCfg = Release|Any CPU
		{37273590-A061-45C4-B5DD-A2EC48B18FBD}.Release|x64.Build.0 = Release|Any CPU
		{37273590-A061-45C4-B5DD-A2EC48B18FBD}.Release|x86.ActiveCfg = Release|Any CPU
		{37273590-A061-45C4-B5DD-A2EC48B18FBD}.Release|x86.Build.0 = Release|Any CPU
		{07264610-E050-4F36-872A-8225759361D5}.Debug|Any CPU.ActiveCfg = Debug|Any CPU
		{07264610-E050-4F36-872A-8225759361D5}.Debug|Any CPU.Build.0 = Debug|Any CPU
		{07264610-E050-4F36-872A-8225759361D5}.Debug|x64.ActiveCfg = Debug|Any CPU
		{07264610-E050-4F36-872A-8225759361D5}.Debug|x64.Build.0 = Debug|Any CPU
		{07264610-E050-4F36-872A-8225759361D5}.Debug|x86.ActiveCfg = Debug|Any CPU
		{07264610-E050-4F36-872A-8225759361D5}.Debug|x86.Build.0 = Debug|Any CPU
		{07264610-E050-4F36-872A-8225759361D5}.Release|Any CPU.ActiveCfg = Release|Any CPU
		{07264610-E050-4F36-872A-8225759361D5}.Release|Any CPU.Build.0 = Release|Any CPU
		{07264610-E050-4F36-872A-8225759361D5}.Release|x64.ActiveCfg = Release|Any CPU
		{07264610-E050-4F36-872A-8225759361D5}.Release|x64.Build.0 = Release|Any CPU
		{07264610-E050-4F36-872A-8225759361D5}.Release|x86.ActiveCfg = Release|Any CPU
		{07264610-E050-4F36-872A-8225759361D5}.Release|x86.Build.0 = Release|Any CPU
	EndGlobalSection
	GlobalSection(NestedProjects) = preSolution
		{37273590-A061-45C4-B5DD-A2EC48B18FBD} = {078D9ADC-FC19-4313-8439-73B74B9FD02B}
		{07264610-E050-4F36-872A-8225759361D5} = {D06F618F-BB2A-4C19-BC08-76BF9CB9D8E9}
	EndGlobalSection
EndGlobal
